
Microsoft Visual Studio Solution File, Format Version 12.00
# Visual Studio 15
Project("{FAE04EC0-301F-11D3-BF4B-00C04F79EFBC}") = "Assembly-CSharp", "Assembly-CSharp.csproj", "{172F1009-404D-3536-7FBE-980ADBEBF99E}"
EndProject
Project("{FAE04EC0-301F-11D3-BF4B-00C04F79EFBC}") = "Assembly-CSharp-Editor", "Assembly-CSharp-Editor.csproj", "{8EA1B8D4-33BD-4EAA-C763-4EA94B285F5C}"
EndProject
Global
	GlobalSection(SolutionConfigurationPlatforms) = preSolution
		Debug|Any CPU = Debug|Any CPU
		Release|Any CPU = Release|Any CPU
	EndGlobalSection
	GlobalSection(ProjectConfigurationPlatforms) = postSolution
		{172F1009-404D-3536-7FBE-980ADBEBF99E}.Debug|Any CPU.ActiveCfg = Debug|Any CPU
		{172F1009-404D-3536-7FBE-980ADBEBF99E}.Debug|Any CPU.Build.0 = Debug|Any CPU
		{172F1009-404D-3536-7FBE-980ADBEBF99E}.Release|Any CPU.ActiveCfg = Release|Any CPU
		{172F1009-404D-3536-7FBE-980ADBEBF99E}.Release|Any CPU.Build.0 = Release|Any CPU
		{8EA1B8D4-33BD-4EAA-C763-4EA94B285F5C}.Debug|Any CPU.ActiveCfg = Debug|Any CPU
		{8EA1B8D4-33BD-4EAA-C763-4EA94B285F5C}.Debug|Any CPU.Build.0 = Debug|Any CPU
		{8EA1B8D4-33BD-4EAA-C763-4EA94B285F5C}.Release|Any CPU.ActiveCfg = Release|Any CPU
		{8EA1B8D4-33BD-4EAA-C763-4EA94B285F5C}.Release|Any CPU.Build.0 = Release|Any CPU
	EndGlobalSection
	GlobalSection(SolutionProperties) = preSolution
		HideSolutionNode = FALSE
	EndGlobalSection
EndGlobal
